
Microsoft Visual Studio Solution File, Format Version 12.00
# Visual Studio Version 17
VisualStudioVersion = 17.13.35931.197
MinimumVisualStudioVersion = 10.0.40219.1
Project("{FAE04EC0-301F-11D3-BF4B-00C04F79EFBC}") = "C# Fundamentals Project", "C# Fundamentals Project\C# Fundamentals Project.csproj", "{76ACFB36-8641-4317-9A9A-9FD4EB349D3E}"
EndProject
Project("{FAE04EC0-301F-11D3-BF4B-00C04F79EFBC}") = "HesapMakinası", "HesapMakinası\HesapMakinası.csproj", "{DCCF433B-A291-4BF7-A95D-EDB702B32D80}"
EndProject
Project("{FAE04EC0-301F-11D3-BF4B-00C04F79EFBC}") = "OrtalamaHesaplama", "OrtalamaHesaplama\OrtalamaHesaplama.csproj", "{6D3406B0-6211-40E1-9994-A4A022CDE19C}"
EndProject
Project("{FAE04EC0-301F-11D3-BF4B-00C04F79EFBC}") = "RandomSayı", "RandomSayı\RandomSayı.csproj", "{A984C524-C71C-4873-B6A2-10AF8AA8A4CC}"
EndProject
Global
	GlobalSection(SolutionConfigurationPlatforms) = preSolution
		Debug|Any CPU = Debug|Any CPU
		Release|Any CPU = Release|Any CPU
	EndGlobalSection
	GlobalSection(ProjectConfigurationPlatforms) = postSolution
		{76ACFB36-8641-4317-9A9A-9FD4EB349D3E}.Debug|Any CPU.ActiveCfg = Debug|Any CPU
		{76ACFB36-8641-4317-9A9A-9FD4EB349D3E}.Debug|Any CPU.Build.0 = Debug|Any CPU
		{76ACFB36-8641-4317-9A9A-9FD4EB349D3E}.Release|Any CPU.ActiveCfg = Release|Any CPU
		{76ACFB36-8641-4317-9A9A-9FD4EB349D3E}.Release|Any CPU.Build.0 = Release|Any CPU
		{DCCF433B-A291-4BF7-A95D-EDB702B32D80}.Debug|Any CPU.ActiveCfg = Debug|Any CPU
		{DCCF433B-A291-4BF7-A95D-EDB702B32D80}.Debug|Any CPU.Build.0 = Debug|Any CPU
		{DCCF433B-A291-4BF7-A95D-EDB702B32D80}.Release|Any CPU.ActiveCfg = Release|Any CPU
		{DCCF433B-A291-4BF7-A95D-EDB702B32D80}.Release|Any CPU.Build.0 = Release|Any CPU
		{6D3406B0-6211-40E1-9994-A4A022CDE19C}.Debug|Any CPU.ActiveCfg = Debug|Any CPU
		{6D3406B0-6211-40E1-9994-A4A022CDE19C}.Debug|Any CPU.Build.0 = Debug|Any CPU
		{6D3406B0-6211-40E1-9994-A4A022CDE19C}.Release|Any CPU.ActiveCfg = Release|Any CPU
		{6D3406B0-6211-40E1-9994-A4A022CDE19C}.Release|Any CPU.Build.0 = Release|Any CPU
		{A984C524-C71C-4873-B6A2-10AF8AA8A4CC}.Debug|Any CPU.ActiveCfg = Debug|Any CPU
		{A984C524-C71C-4873-B6A2-10AF8AA8A4CC}.Debug|Any CPU.Build.0 = Debug|Any CPU
		{A984C524-C71C-4873-B6A2-10AF8AA8A4CC}.Release|Any CPU.ActiveCfg = Release|Any CPU
		{A984C524-C71C-4873-B6A2-10AF8AA8A4CC}.Release|Any CPU.Build.0 = Release|Any CPU
	EndGlobalSection
	GlobalSection(SolutionProperties) = preSolution
		HideSolutionNode = FALSE
	EndGlobalSection
	GlobalSection(ExtensibilityGlobals) = postSolution
		SolutionGuid = {D88EEB51-8BB7-4EF3-A7BF-F729BABEE134}
	EndGlobalSection
EndGlobal
